
Microsoft Visual Studio Solution File, Format Version 12.00
# Visual Studio Version 17
VisualStudioVersion = 17.11.35327.3
MinimumVisualStudioVersion = 10.0.40219.1
Project("{FAE04EC0-301F-11D3-BF4B-00C04F79EFBC}") = "ActorsCastings.Web", "ActorsCastings.Web\ActorsCastings.Web.csproj", "{563A62BB-1C96-46E5-A85D-311F377CDCA6}"
EndProject
Project("{FAE04EC0-301F-11D3-BF4B-00C04F79EFBC}") = "ActorsCastings.Web.ViewModels", "ActorsCastings.Web.ViewModels\ActorsCastings.Web.ViewModels.csproj", "{E9B12A89-4579-4F70-B342-E3853BCC4C7D}"
EndProject
Project("{FAE04EC0-301F-11D3-BF4B-00C04F79EFBC}") = "ActorsCastings.Common", "ActorsCastings.Common\ActorsCastings.Common.csproj", "{E1DD57E1-CA9D-4447-AE4A-10DD0F21867C}"
EndProject
Project("{FAE04EC0-301F-11D3-BF4B-00C04F79EFBC}") = "ActorsCastings.Data.Models", "ActorsCastings.Data.Models\ActorsCastings.Data.Models.csproj", "{1257CA8A-3405-4AEF-B1D3-2C135054BCC8}"
EndProject
Project("{2150E333-8FDC-42A3-9474-1A3956D46DE8}") = "Web", "Web", "{09D87C71-CFEB-4B5B-A21B-E5C535DEE4A4}"
EndProject
Project("{2150E333-8FDC-42A3-9474-1A3956D46DE8}") = "Data", "Data", "{E12612C0-20E4-4FE1-98A8-C48A51FC654C}"
EndProject
Project("{FAE04EC0-301F-11D3-BF4B-00C04F79EFBC}") = "ActorsCastings.Data", "ActorsCastings.Data\ActorsCastings.Data.csproj", "{5DD54BF5-2F15-464D-8DE3-D381396B6548}"
EndProject
Global
	GlobalSection(SolutionConfigurationPlatforms) = preSolution
		Debug|Any CPU = Debug|Any CPU
		Release|Any CPU = Release|Any CPU
	EndGlobalSection
	GlobalSection(ProjectConfigurationPlatforms) = postSolution
		{563A62BB-1C96-46E5-A85D-311F377CDCA6}.Debug|Any CPU.ActiveCfg = Debug|Any CPU
		{563A62BB-1C96-46E5-A85D-311F377CDCA6}.Debug|Any CPU.Build.0 = Debug|Any CPU
		{563A62BB-1C96-46E5-A85D-311F377CDCA6}.Release|Any CPU.ActiveCfg = Release|Any CPU
		{563A62BB-1C96-46E5-A85D-311F377CDCA6}.Release|Any CPU.Build.0 = Release|Any CPU
		{E9B12A89-4579-4F70-B342-E3853BCC4C7D}.Debug|Any CPU.ActiveCfg = Debug|Any CPU
		{E9B12A89-4579-4F70-B342-E3853BCC4C7D}.Debug|Any CPU.Build.0 = Debug|Any CPU
		{E9B12A89-4579-4F70-B342-E3853BCC4C7D}.Release|Any CPU.ActiveCfg = Release|Any CPU
		{E9B12A89-4579-4F70-B342-E3853BCC4C7D}.Release|Any CPU.Build.0 = Release|Any CPU
		{E1DD57E1-CA9D-4447-AE4A-10DD0F21867C}.Debug|Any CPU.ActiveCfg = Debug|Any CPU
		{E1DD57E1-CA9D-4447-AE4A-10DD0F21867C}.Debug|Any CPU.Build.0 = Debug|Any CPU
		{E1DD57E1-CA9D-4447-AE4A-10DD0F21867C}.Release|Any CPU.ActiveCfg = Release|Any CPU
		{E1DD57E1-CA9D-4447-AE4A-10DD0F21867C}.Release|Any CPU.Build.0 = Release|Any CPU
		{1257CA8A-3405-4AEF-B1D3-2C135054BCC8}.Debug|Any CPU.ActiveCfg = Debug|Any CPU
		{1257CA8A-3405-4AEF-B1D3-2C135054BCC8}.Debug|Any CPU.Build.0 = Debug|Any CPU
		{1257CA8A-3405-4AEF-B1D3-2C135054BCC8}.Release|Any CPU.ActiveCfg = Release|Any CPU
		{1257CA8A-3405-4AEF-B1D3-2C135054BCC8}.Release|Any CPU.Build.0 = Release|Any CPU
		{5DD54BF5-2F15-464D-8DE3-D381396B6548}.Debug|Any CPU.ActiveCfg = Debug|Any CPU
		{5DD54BF5-2F15-464D-8DE3-D381396B6548}.Debug|Any CPU.Build.0 = Debug|Any CPU
		{5DD54BF5-2F15-464D-8DE3-D381396B6548}.Release|Any CPU.ActiveCfg = Release|Any CPU
		{5DD54BF5-2F15-464D-8DE3-D381396B6548}.Release|Any CPU.Build.0 = Release|Any CPU
	EndGlobalSection
	GlobalSection(SolutionProperties) = preSolution
		HideSolutionNode = FALSE
	EndGlobalSection
	GlobalSection(NestedProjects) = preSolution
		{563A62BB-1C96-46E5-A85D-311F377CDCA6} = {09D87C71-CFEB-4B5B-A21B-E5C535DEE4A4}
		{E9B12A89-4579-4F70-B342-E3853BCC4C7D} = {09D87C71-CFEB-4B5B-A21B-E5C535DEE4A4}
		{1257CA8A-3405-4AEF-B1D3-2C135054BCC8} = {E12612C0-20E4-4FE1-98A8-C48A51FC654C}
		{5DD54BF5-2F15-464D-8DE3-D381396B6548} = {E12612C0-20E4-4FE1-98A8-C48A51FC654C}
	EndGlobalSection
	GlobalSection(ExtensibilityGlobals) = postSolution
		SolutionGuid = {AD30E846-29DB-416E-AF31-CA581A77BACE}
	EndGlobalSection
EndGlobal
